{
  "name": "cliwallet",
  "version": "1.0.0",
  "lockfileVersion": 3,
  "requires": true,
  "packages": {
    "": {
      "name": "cliwallet",
      "version": "1.0.0",
      "license": "ISC",
      "dependencies": {
        "@ethersproject/wallet": "^5.8.0",
        "commander": "^14.0.3",
        "dotenv": "^17.3.1",
        "inquirer": "^13.3.0",
        "viem": "^2.47.2"
      },
      "devDependencies": {
        "@types/node": "^25.5.0",
        "typescript": "^5.9.3"
      }
    },
    "node_modules/@adraffy/ens-normalize": {
      "version": "1.11.1",
      "resolved": "https://registry.npmjs.org/@adraffy/ens-normalize/-/ens-normalize-1.11.1.tgz",
      "integrity": "sha512-nhCBV3quEgesuf7c7KYfperqSS14T8bYuvJ8PcLJp6znkZpFc0AuW4qBtr8eKVyPPe/8RSr7sglCWPU5eaxwKQ==",
      "license": "MIT"
    },
    "node_modules/@ethersproject/abstract-provider": {
      "version": "5.8.0",
      "resolved": "https://registry.npmjs.org/@ethersproject/abstract-provider/-/abstract-provider-5.8.0.tgz",
      "integrity": "sha512-wC9SFcmh4UK0oKuLJQItoQdzS/qZ51EJegK6EmAWlh+OptpQ/npECOR3QqECd8iGHC0RJb4WKbVdSfif4ammrg==",
      "funding": [
        {
          "type": "individual",
          "url": "https://gitcoin.co/grants/13/ethersjs-complete-simple-and-tiny-2"
        },
        {
          "type": "individual",
          "url": "https://www.buymeacoffee.com/ricmoo"
        }
      ],
      "license": "MIT",
      "dependencies": {
        "@ethersproject/bignumber": "^5.8.0",
        "@ethersproject/bytes": "^5.8.0",
        "@ethersproject/logger": "^5.8.0",
        "@ethersproject/networks": "^5.8.0",
        "@ethersproject/properties": "^5.8.0",
        "@ethersproject/transactions": "^5.8.0",
        "@ethersproject/web": "^5.8.0"
      }
    },
    "node_modules/@ethersproject/abstract-signer": {
      "version": "5.8.0",
      "resolved": "https://registry.npmjs.org/@ethersproject/abstract-signer/-/abstract-signer-5.8.0.tgz",
      "integrity": "sha512-N0XhZTswXcmIZQdYtUnd79VJzvEwXQw6PK0dTl9VoYrEBxxCPXqS0Eod7q5TNKRxe1/5WUMuR0u0nqTF/avdCA==",
      "funding": [
        {
          "type": "individual",
          "url": "https://gitcoin.co/grants/13/ethersjs-complete-simple-and-tiny-2"
        },
        {
          "type": "individual",
          "url": "https://www.buymeacoffee.com/ricmoo"
        }
      ],
      "license": "MIT",
      "dependencies": {
        "@ethersproject/abstract-provider": "^5.8.0",
        "@ethersproject/bignumber": "^5.8.0",
        "@ethersproject/bytes": "^5.8.0",
        "@ethersproject/logger": "^5.8.0",
        "@ethersproject/properties": "^5.8.0"
      }
    },
    "node_modules/@ethersproject/address": {
      "version": "5.8.0",
      "resolved": "https://registry.npmjs.org/@ethersproject/address/-/address-5.8.0.tgz",
      "integrity": "sha512-GhH/abcC46LJwshoN+uBNoKVFPxUuZm6dA257z0vZkKmU1+t8xTn8oK7B9qrj8W2rFRMch4gbJl6PmVxjxBEBA==",
      "funding": [
        {
          "type": "individual",
          "url": "https://gitcoin.co/grants/13/ethersjs-complete-simple-and-tiny-2"
        },
        {
          "type": "individual",
          "url": "https://www.buymeacoffee.com/ricmoo"
        }
      ],
      "license": "MIT",
      "dependencies": {
        "@ethersproject/bignumber": "^5.8.0",
        "@ethersproject/bytes": "^5.8.0",
        "@ethersproject/keccak256": "^5.8.0",
        "@ethersproject/logger": "^5.8.0",
        "@ethersproject/rlp": "^5.8.0"
      }
    },
    "node_modules/@ethersproject/base64": {
      "version": "5.8.0",
      "resolved": "https://registry.npmjs.org/@ethersproject/base64/-/base64-5.8.0.tgz",
      "integrity": "sha512-lN0oIwfkYj9LbPx4xEkie6rAMJtySbpOAFXSDVQaBnAzYfB4X2Qr+FXJGxMoc3Bxp2Sm8OwvzMrywxyw0gLjIQ==",
      "funding": [
        {
          "type": "individual",
          "url": "https://gitcoin.co/grants/13/ethersjs-complete-simple-and-tiny-2"
        },
        {
          "type": "individual",
          "url": "https://www.buymeacoffee.com/ricmoo"
        }
      ],
      "license": "MIT",
      "dependencies": {
        "@ethersproject/bytes": "^5.8.0"
      }
    },
    "node_modules/@ethersproject/basex": {
      "version": "5.8.0",
      "resolved": "https://registry.npmjs.org/@ethersproject/basex/-/basex-5.8.0.tgz",
      "integrity": "sha512-PIgTszMlDRmNwW9nhS6iqtVfdTAKosA7llYXNmGPw4YAI1PUyMv28988wAb41/gHF/WqGdoLv0erHaRcHRKW2Q==",
      "funding": [
        {
          "type": "individual",
          "url": "https://gitcoin.co/grants/13/ethersjs-complete-simple-and-tiny-2"
        },
        {
          "type": "individual",
          "url": "https://www.buymeacoffee.com/ricmoo"
        }
      ],
      "license": "MIT",
      "dependencies": {
        "@ethersproject/bytes": "^5.8.0",
        "@ethersproject/properties": "^5.8.0"
      }
    },
    "node_modules/@ethersproject/bignumber": {
      "version": "5.8.0",
      "resolved": "https://registry.npmjs.org/@ethersproject/bignumber/-/bignumber-5.8.0.tgz",
      "integrity": "sha512-ZyaT24bHaSeJon2tGPKIiHszWjD/54Sz8t57Toch475lCLljC6MgPmxk7Gtzz+ddNN5LuHea9qhAe0x3D+uYPA==",
      "funding": [
        {
          "type": "individual",
          "url": "https://gitcoin.co/grants/13/ethersjs-complete-simple-and-tiny-2"
        },
        {
          "type": "individual",
          "url": "https://www.buymeacoffee.com/ricmoo"
        }
      ],
      "license": "MIT",
      "dependencies": {
        "@ethersproject/bytes": "^5.8.0",
        "@ethersproject/logger": "^5.8.0",
        "bn.js": "^5.2.1"
      }
    },
    "node_modules/@ethersproject/bytes": {
      "version": "5.8.0",
      "resolved": "https://registry.npmjs.org/@ethersproject/bytes/-/bytes-5.8.0.tgz",
      "integrity": "sha512-vTkeohgJVCPVHu5c25XWaWQOZ4v+DkGoC42/TS2ond+PARCxTJvgTFUNDZovyQ/uAQ4EcpqqowKydcdmRKjg7A==",
      "funding": [
        {
          "type": "individual",
          "url": "https://gitcoin.co/grants/13/ethersjs-complete-simple-and-tiny-2"
        },
        {
          "type": "individual",
          "url": "https://www.buymeacoffee.com/ricmoo"
        }
      ],
      "license": "MIT",
      "dependencies": {
        "@ethersproject/logger": "^5.8.0"
      }
    },
    "node_modules/@ethersproject/constants": {
      "version": "5.8.0",
      "resolved": "https://registry.npmjs.org/@ethersproject/constants/-/constants-5.8.0.tgz",
      "integrity": "sha512-wigX4lrf5Vu+axVTIvNsuL6YrV4O5AXl5ubcURKMEME5TnWBouUh0CDTWxZ2GpnRn1kcCgE7l8O5+VbV9QTTcg==",
      "funding": [
        {
          "type": "individual",
          "url": "https://gitcoin.co/grants/13/ethersjs-complete-simple-and-tiny-2"
        },
        {
          "type": "individual",
          "url": "https://www.buymeacoffee.com/ricmoo"
        }
      ],
      "license": "MIT",
      "dependencies": {
        "@ethersproject/bignumber": "^5.8.0"
      }
    },
    "node_modules/@ethersproject/hash": {
      "version": "5.8.0",
      "resolved": "https://registry.npmjs.org/@ethersproject/hash/-/hash-5.8.0.tgz",
      "integrity": "sha512-ac/lBcTbEWW/VGJij0CNSw/wPcw9bSRgCB0AIBz8CvED/jfvDoV9hsIIiWfvWmFEi8RcXtlNwp2jv6ozWOsooA==",
      "funding": [
        {
          "type": "individual",
          "url": "https://gitcoin.co/grants/13/ethersjs-complete-simple-and-tiny-2"
        },
        {
          "type": "individual",
          "url": "https://www.buymeacoffee.com/ricmoo"
        }
      ],
      "license": "MIT",
      "dependencies": {
        "@ethersproject/abstract-signer": "^5.8.0",
        "@ethersproject/address": "^5.8.0",
        "@ethersproject/base64": "^5.8.0",
        "@ethersproject/bignumber": "^5.8.0",
        "@ethersproject/bytes": "^5.8.0",
        "@ethersproject/keccak256": "^5.8.0",
        "@ethersproject/logger": "^5.8.0",
        "@ethersproject/properties": "^5.8.0",
        "@ethersproject/strings": "^5.8.0"
      }
    },
    "node_modules/@ethersproject/hdnode": {
      "version": "5.8.0",
      "resolved": "https://registry.npmjs.org/@ethersproject/hdnode/-/hdnode-5.8.0.tgz",
      "integrity": "sha512-4bK1VF6E83/3/Im0ERnnUeWOY3P1BZml4ZD3wcH8Ys0/d1h1xaFt6Zc+Dh9zXf9TapGro0T4wvO71UTCp3/uoA==",
      "funding": [
        {
          "type": "individual",
          "url": "https://gitcoin.co/grants/13/ethersjs-complete-simple-and-tiny-2"
        },
        {
          "type": "individual",
          "url": "https://www.buymeacoffee.com/ricmoo"
        }
      ],
      "license": "MIT",
      "dependencies": {
        "@ethersproject/abstract-signer": "^5.8.0",
        "@ethersproject/basex": "^5.8.0",
        "@ethersproject/bignumber": "^5.8.0",
        "@ethersproject/bytes": "^5.8.0",
        "@ethersproject/logger": "^5.8.0",
        "@ethersproject/pbkdf2": "^5.8.0",
        "@ethersproject/properties": "^5.8.0",
        "@ethersproject/sha2": "^5.8.0",
        "@ethersproject/signing-key": "^5.8.0",
        "@ethersproject/strings": "^5.8.0",
        "@ethersproject/transactions": "^5.8.0",
        "@ethersproject/wordlists": "^5.8.0"
      }
    },
    "node_modules/@ethersproject/json-wallets": {
      "version": "5.8.0",
      "resolved": "https://registry.npmjs.org/@ethersproject/json-wallets/-/json-wallets-5.8.0.tgz",
      "integrity": "sha512-HxblNck8FVUtNxS3VTEYJAcwiKYsBIF77W15HufqlBF9gGfhmYOJtYZp8fSDZtn9y5EaXTE87zDwzxRoTFk11w==",
      "funding": [
        {
          "type": "individual",
          "url": "https://gitcoin.co/grants/13/ethersjs-complete-simple-and-tiny-2"
        },
        {
          "type": "individual",
          "url": "https://www.buymeacoffee.com/ricmoo"
        }
      ],
      "license": "MIT",
      "dependencies": {
        "@ethersproject/abstract-signer": "^5.8.0",
        "@ethersproject/address": "^5.8.0",
        "@ethersproject/bytes": "^5.8.0",
        "@ethersproject/hdnode": "^5.8.0",
        "@ethersproject/keccak256": "^5.8.0",
        "@ethersproject/logger": "^5.8.0",
        "@ethersproject/pbkdf2": "^5.8.0",
        "@ethersproject/properties": "^5.8.0",
        "@ethersproject/random": "^5.8.0",
        "@ethersproject/strings": "^5.8.0",
        "@ethersproject/transactions": "^5.8.0",
        "aes-js": "3.0.0",
        "scrypt-js": "3.0.1"
      }
    },
    "node_modules/@ethersproject/keccak256": {
      "version": "5.8.0",
      "resolved": "https://registry.npmjs.org/@ethersproject/keccak256/-/keccak256-5.8.0.tgz",
      "integrity": "sha512-A1pkKLZSz8pDaQ1ftutZoaN46I6+jvuqugx5KYNeQOPqq+JZ0Txm7dlWesCHB5cndJSu5vP2VKptKf7cksERng==",
      "funding": [
        {
          "type": "individual",
          "url": "https://gitcoin.co/grants/13/ethersjs-complete-simple-and-tiny-2"
        },
        {
          "type": "individual",
          "url": "https://www.buymeacoffee.com/ricmoo"
        }
      ],
      "license": "MIT",
      "dependencies": {
        "@ethersproject/bytes": "^5.8.0",
        "js-sha3": "0.8.0"
      }
    },
    "node_modules/@ethersproject/logger": {
      "version": "5.8.0",
      "resolved": "https://registry.npmjs.org/@ethersproject/logger/-/logger-5.8.0.tgz",
      "integrity": "sha512-Qe6knGmY+zPPWTC+wQrpitodgBfH7XoceCGL5bJVejmH+yCS3R8jJm8iiWuvWbG76RUmyEG53oqv6GMVWqunjA==",
      "funding": [
        {
          "type": "individual",
          "url": "https://gitcoin.co/grants/13/ethersjs-complete-simple-and-tiny-2"
        },
        {
          "type": "individual",
          "url": "https://www.buymeacoffee.com/ricmoo"
        }
      ],
      "license": "MIT"
    },
    "node_modules/@ethersproject/networks": {
      "version": "5.8.0",
      "resolved": "https://registry.npmjs.org/@ethersproject/networks/-/networks-5.8.0.tgz",
      "integrity": "sha512-egPJh3aPVAzbHwq8DD7Po53J4OUSsA1MjQp8Vf/OZPav5rlmWUaFLiq8cvQiGK0Z5K6LYzm29+VA/p4RL1FzNg==",
      "funding": [
        {
          "type": "individual",
          "url": "https://gitcoin.co/grants/13/ethersjs-complete-simple-and-tiny-2"
        },
        {
          "type": "individual",
          "url": "https://www.buymeacoffee.com/ricmoo"
        }
      ],
      "license": "MIT",
      "dependencies": {
        "@ethersproject/logger": "^5.8.0"
      }
    },
    "node_modules/@ethersproject/pbkdf2": {
      "version": "5.8.0",
      "resolved": "https://registry.npmjs.org/@ethersproject/pbkdf2/-/pbkdf2-5.8.0.tgz",
      "integrity": "sha512-wuHiv97BrzCmfEaPbUFpMjlVg/IDkZThp9Ri88BpjRleg4iePJaj2SW8AIyE8cXn5V1tuAaMj6lzvsGJkGWskg==",
      "funding": [
        {
          "type": "individual",
          "url": "https://gitcoin.co/grants/13/ethersjs-complete-simple-and-tiny-2"
        },
        {
          "type": "individual",
          "url": "https://www.buymeacoffee.com/ricmoo"
        }
      ],
      "license": "MIT",
      "dependencies": {
        "@ethersproject/bytes": "^5.8.0",
        "@ethersproject/sha2": "^5.8.0"
      }
    },
    "node_modules/@ethersproject/properties": {
      "version": "5.8.0",
      "resolved": "https://registry.npmjs.org/@ethersproject/properties/-/properties-5.8.0.tgz",
      "integrity": "sha512-PYuiEoQ+FMaZZNGrStmN7+lWjlsoufGIHdww7454FIaGdbe/p5rnaCXTr5MtBYl3NkeoVhHZuyzChPeGeKIpQw==",
      "funding": [
        {
          "type": "individual",
          "url": "https://gitcoin.co/grants/13/ethersjs-complete-simple-and-tiny-2"
        },
        {
          "type": "individual",
          "url": "https://www.buymeacoffee.com/ricmoo"
        }
      ],
      "license": "MIT",
      "dependencies": {
        "@ethersproject/logger": "^5.8.0"
      }
    },
    "node_modules/@ethersproject/random": {
      "version": "5.8.0",
      "resolved": "https://registry.npmjs.org/@ethersproject/random/-/random-5.8.0.tgz",
      "integrity": "sha512-E4I5TDl7SVqyg4/kkA/qTfuLWAQGXmSOgYyO01So8hLfwgKvYK5snIlzxJMk72IFdG/7oh8yuSqY2KX7MMwg+A==",
      "funding": [
        {
          "type": "individual",
          "url": "https://gitcoin.co/grants/13/ethersjs-complete-simple-and-tiny-2"
        },
        {
          "type": "individual",
          "url": "https://www.buymeacoffee.com/ricmoo"
        }
      ],
      "license": "MIT",
      "dependencies": {
        "@ethersproject/bytes": "^5.8.0",
        "@ethersproject/logger": "^5.8.0"
      }
    },
    "node_modules/@ethersproject/rlp": {
      "version": "5.8.0",
      "resolved": "https://registry.npmjs.org/@ethersproject/rlp/-/rlp-5.8.0.tgz",
      "integrity": "sha512-LqZgAznqDbiEunaUvykH2JAoXTT9NV0Atqk8rQN9nx9SEgThA/WMx5DnW8a9FOufo//6FZOCHZ+XiClzgbqV9Q==",
      "funding": [
        {
          "type": "individual",
          "url": "https://gitcoin.co/grants/13/ethersjs-complete-simple-and-tiny-2"
        },
        {
          "type": "individual",
          "url": "https://www.buymeacoffee.com/ricmoo"
        }
      ],
      "license": "MIT",
      "dependencies": {
        "@ethersproject/bytes": "^5.8.0",
        "@ethersproject/logger": "^5.8.0"
      }
    },
    "node_modules/@ethersproject/sha2": {
      "version": "5.8.0",
      "resolved": "https://registry.npmjs.org/@ethersproject/sha2/-/sha2-5.8.0.tgz",
      "integrity": "sha512-dDOUrXr9wF/YFltgTBYS0tKslPEKr6AekjqDW2dbn1L1xmjGR+9GiKu4ajxovnrDbwxAKdHjW8jNcwfz8PAz4A==",
      "funding": [
        {
          "type": "individual",
          "url": "https://gitcoin.co/grants/13/ethersjs-complete-simple-and-tiny-2"
        },
        {
          "type": "individual",
          "url": "https://www.buymeacoffee.com/ricmoo"
        }
      ],
      "license": "MIT",
      "dependencies": {
        "@ethersproject/bytes": "^5.8.0",
        "@ethersproject/logger": "^5.8.0",
        "hash.js": "1.1.7"
      }
    },
    "node_modules/@ethersproject/signing-key": {
      "version": "5.8.0",
      "resolved": "https://registry.npmjs.org/@ethersproject/signing-key/-/signing-key-5.8.0.tgz",
      "integrity": "sha512-LrPW2ZxoigFi6U6aVkFN/fa9Yx/+4AtIUe4/HACTvKJdhm0eeb107EVCIQcrLZkxaSIgc/eCrX8Q1GtbH+9n3w==",
      "funding": [
        {
          "type": "individual",
          "url": "https://gitcoin.co/grants/13/ethersjs-complete-simple-and-tiny-2"
        },
        {
          "type": "individual",
          "url": "https://www.buymeacoffee.com/ricmoo"
        }
      ],
      "license": "MIT",
      "dependencies": {
        "@ethersproject/bytes": "^5.8.0",
        "@ethersproject/logger": "^5.8.0",
        "@ethersproject/properties": "^5.8.0",
        "bn.js": "^5.2.1",
        "elliptic": "6.6.1",
        "hash.js": "1.1.7"
      }
    },
    "node_modules/@ethersproject/strings": {
      "version": "5.8.0",
      "resolved": "https://registry.npmjs.org/@ethersproject/strings/-/strings-5.8.0.tgz",
      "integrity": "sha512-qWEAk0MAvl0LszjdfnZ2uC8xbR2wdv4cDabyHiBh3Cldq/T8dPH3V4BbBsAYJUeonwD+8afVXld274Ls+Y1xXg==",
      "funding": [
        {
          "type": "individual",
          "url": "https://gitcoin.co/grants/13/ethersjs-complete-simple-and-tiny-2"
        },
        {
          "type": "individual",
          "url": "https://www.buymeacoffee.com/ricmoo"
        }
      ],
      "license": "MIT",
      "dependencies": {
        "@ethersproject/bytes": "^5.8.0",
        "@ethersproject/constants": "^5.8.0",
        "@ethersproject/logger": "^5.8.0"
      }
    },
    "node_modules/@ethersproject/transactions": {
      "version": "5.8.0",
      "resolved": "https://registry.npmjs.org/@ethersproject/transactions/-/transactions-5.8.0.tgz",
      "integrity": "sha512-UglxSDjByHG0TuU17bDfCemZ3AnKO2vYrL5/2n2oXvKzvb7Cz+W9gOWXKARjp2URVwcWlQlPOEQyAviKwT4AHg==",
      "funding": [
        {
          "type": "individual",
          "url": "https://gitcoin.co/grants/13/ethersjs-complete-simple-and-tiny-2"
        },
        {
          "type": "individual",
          "url": "https://www.buymeacoffee.com/ricmoo"
        }
      ],
      "license": "MIT",
      "dependencies": {
        "@ethersproject/address": "^5.8.0",
        "@ethersproject/bignumber": "^5.8.0",
        "@ethersproject/bytes": "^5.8.0",
        "@ethersproject/constants": "^5.8.0",
        "@ethersproject/keccak256": "^5.8.0",
        "@ethersproject/logger": "^5.8.0",
        "@ethersproject/properties": "^5.8.0",
        "@ethersproject/rlp": "^5.8.0",
        "@ethersproject/signing-key": "^5.8.0"
      }
    },
    "node_modules/@ethersproject/wallet": {
      "version": "5.8.0",
      "resolved": "https://registry.npmjs.org/@ethersproject/wallet/-/wallet-5.8.0.tgz",
      "integrity": "sha512-G+jnzmgg6UxurVKRKvw27h0kvG75YKXZKdlLYmAHeF32TGUzHkOFd7Zn6QHOTYRFWnfjtSSFjBowKo7vfrXzPA==",
      "funding": [
        {
          "type": "individual",
          "url": "https://gitcoin.co/grants/13/ethersjs-complete-simple-and-tiny-2"
        },
        {
          "type": "individual",
          "url": "https://www.buymeacoffee.com/ricmoo"
        }
      ],
      "license": "MIT",
      "dependencies": {
        "@ethersproject/abstract-provider": "^5.8.0",
        "@ethersproject/abstract-signer": "^5.8.0",
        "@ethersproject/address": "^5.8.0",
        "@ethersproject/bignumber": "^5.8.0",
        "@ethersproject/bytes": "^5.8.0",
        "@ethersproject/hash": "^5.8.0",
        "@ethersproject/hdnode": "^5.8.0",
        "@ethersproject/json-wallets": "^5.8.0",
        "@ethersproject/keccak256": "^5.8.0",
        "@ethersproject/logger": "^5.8.0",
        "@ethersproject/properties": "^5.8.0",
        "@ethersproject/random": "^5.8.0",
        "@ethersproject/signing-key": "^5.8.0",
        "@ethersproject/transactions": "^5.8.0",
        "@ethersproject/wordlists": "^5.8.0"
      }
    },
    "node_modules/@ethersproject/web": {
      "version": "5.8.0",
      "resolved": "https://registry.npmjs.org/@ethersproject/web/-/web-5.8.0.tgz",
      "integrity": "sha512-j7+Ksi/9KfGviws6Qtf9Q7KCqRhpwrYKQPs+JBA/rKVFF/yaWLHJEH3zfVP2plVu+eys0d2DlFmhoQJayFewcw==",
      "funding": [
        {
          "type": "individual",
          "url": "https://gitcoin.co/grants/13/ethersjs-complete-simple-and-tiny-2"
        },
        {
          "type": "individual",
          "url": "https://www.buymeacoffee.com/ricmoo"
        }
      ],
      "license": "MIT",
      "dependencies": {
        "@ethersproject/base64": "^5.8.0",
        "@ethersproject/bytes": "^5.8.0",
        "@ethersproject/logger": "^5.8.0",
        "@ethersproject/properties": "^5.8.0",
        "@ethersproject/strings": "^5.8.0"
      }
    },
    "node_modules/@ethersproject/wordlists": {
      "version": "5.8.0",
      "resolved": "https://registry.npmjs.org/@ethersproject/wordlists/-/wordlists-5.8.0.tgz",
      "integrity": "sha512-2df9bbXicZws2Sb5S6ET493uJ0Z84Fjr3pC4tu/qlnZERibZCeUVuqdtt+7Tv9xxhUxHoIekIA7avrKUWHrezg==",
      "funding": [
        {
          "type": "individual",
          "url": "https://gitcoin.co/grants/13/ethersjs-complete-simple-and-tiny-2"
        },
        {
          "type": "individual",
          "url": "https://www.buymeacoffee.com/ricmoo"
        }
      ],
      "license": "MIT",
      "dependencies": {
        "@ethersproject/bytes": "^5.8.0",
        "@ethersproject/hash": "^5.8.0",
        "@ethersproject/logger": "^5.8.0",
        "@ethersproject/properties": "^5.8.0",
        "@ethersproject/strings": "^5.8.0"
      }
    },
    "node_modules/@inquirer/ansi": {
      "version": "2.0.3",
      "resolved": "https://registry.npmjs.org/@inquirer/ansi/-/ansi-2.0.3.tgz",
      "integrity": "sha512-g44zhR3NIKVs0zUesa4iMzExmZpLUdTLRMCStqX3GE5NT6VkPcxQGJ+uC8tDgBUC/vB1rUhUd55cOf++4NZcmw==",
      "license": "MIT",
      "engines": {
        "node": ">=23.5.0 || ^22.13.0 || ^21.7.0 || ^20.12.0"
      }
    },
    "node_modules/@inquirer/checkbox": {
      "version": "5.1.0",
      "resolved": "https://registry.npmjs.org/@inquirer/checkbox/-/checkbox-5.1.0.tgz",
      "integrity": "sha512-/HjF1LN0a1h4/OFsbGKHNDtWICFU/dqXCdym719HFTyJo9IG7Otr+ziGWc9S0iQuohRZllh+WprSgd5UW5Fw0g==",
      "license": "MIT",
      "dependencies": {
        "@inquirer/ansi": "^2.0.3",
        "@inquirer/core": "^11.1.5",
        "@inquirer/figures": "^2.0.3",
        "@inquirer/type": "^4.0.3"
      },
      "engines": {
        "node": ">=23.5.0 || ^22.13.0 || ^21.7.0 || ^20.12.0"
      },
      "peerDependencies": {
        "@types/node": ">=18"
      },
      "peerDependenciesMeta": {
        "@types/node": {
          "optional": true
        }
      }
    },
    "node_modules/@inquirer/confirm": {
      "version": "6.0.8",
      "resolved": "https://registry.npmjs.org/@inquirer/confirm/-/confirm-6.0.8.tgz",
      "integrity": "sha512-Di6dgmiZ9xCSUxWUReWTqDtbhXCuG2MQm2xmgSAIruzQzBqNf49b8E07/vbCYY506kDe8BiwJbegXweG8M1klw==",
      "license": "MIT",
      "dependencies": {
        "@inquirer/core": "^11.1.5",
        "@inquirer/type": "^4.0.3"
      },
      "engines": {
        "node": ">=23.5.0 || ^22.13.0 || ^21.7.0 || ^20.12.0"
      },
      "peerDependencies": {
        "@types/node": ">=18"
      },
      "peerDependenciesMeta": {
        "@types/node": {
          "optional": true
        }
      }
    },
    "node_modules/@inquirer/core": {
      "version": "11.1.5",
      "resolved": "https://registry.npmjs.org/@inquirer/core/-/core-11.1.5.tgz",
      "integrity": "sha512-QQPAX+lka8GyLcZ7u7Nb1h6q72iZ/oy0blilC3IB2nSt1Qqxp7akt94Jqhi/DzARuN3Eo9QwJRvtl4tmVe4T5A==",
      "license": "MIT",
      "dependencies": {
        "@inquirer/ansi": "^2.0.3",
        "@inquirer/figures": "^2.0.3",
        "@inquirer/type": "^4.0.3",
        "cli-width": "^4.1.0",
        "fast-wrap-ansi": "^0.2.0",
        "mute-stream": "^3.0.0",
        "signal-exit": "^4.1.0"
      },
      "engines": {
        "node": ">=23.5.0 || ^22.13.0 || ^21.7.0 || ^20.12.0"
      },
      "peerDependencies": {
        "@types/node": ">=18"
      },
      "peerDependenciesMeta": {
        "@types/node": {
          "optional": true
        }
      }
    },
    "node_modules/@inquirer/editor": {
      "version": "5.0.8",
      "resolved": "https://registry.npmjs.org/@inquirer/editor/-/editor-5.0.8.tgz",
      "integrity": "sha512-sLcpbb9B3XqUEGrj1N66KwhDhEckzZ4nI/W6SvLXyBX8Wic3LDLENlWRvkOGpCPoserabe+MxQkpiMoI8irvyA==",
      "license": "MIT",
      "dependencies": {
        "@inquirer/core": "^11.1.5",
        "@inquirer/external-editor": "^2.0.3",
        "@inquirer/type": "^4.0.3"
      },
      "engines": {
        "node": ">=23.5.0 || ^22.13.0 || ^21.7.0 || ^20.12.0"
      },
      "peerDependencies": {
        "@types/node": ">=18"
      },
      "peerDependenciesMeta": {
        "@types/node": {
          "optional": true
        }
      }
    },
    "node_modules/@inquirer/expand": {
      "version": "5.0.8",
      "resolved": "https://registry.npmjs.org/@inquirer/expand/-/expand-5.0.8.tgz",
      "integrity": "sha512-QieW3F1prNw3j+hxO7/NKkG1pk3oz7pOB6+5Upwu3OIwADfPX0oZVppsqlL+Vl/uBHHDSOBY0BirLctLnXwGGg==",
      "license": "MIT",
      "dependencies": {
        "@inquirer/core": "^11.1.5",
        "@inquirer/type": "^4.0.3"
      },
      "engines": {
        "node": ">=23.5.0 || ^22.13.0 || ^21.7.0 || ^20.12.0"
      },
      "peerDependencies": {
        "@types/node": ">=18"
      },
      "peerDependenciesMeta": {
        "@types/node": {
          "optional": true
        }
      }
    },
    "node_modules/@inquirer/external-editor": {
      "version": "2.0.3",
      "resolved": "https://registry.npmjs.org/@inquirer/external-editor/-/external-editor-2.0.3.tgz",
      "integrity": "sha512-LgyI7Agbda74/cL5MvA88iDpvdXI2KuMBCGRkbCl2Dg1vzHeOgs+s0SDcXV7b+WZJrv2+ERpWSM65Fpi9VfY3w==",
      "license": "MIT",
      "dependencies": {
        "chardet": "^2.1.1",
        "iconv-lite": "^0.7.2"
      },
      "engines": {
        "node": ">=23.5.0 || ^22.13.0 || ^21.7.0 || ^20.12.0"
      },
      "peerDependencies": {
        "@types/node": ">=18"
      },
      "peerDependenciesMeta": {
        "@types/node": {
          "optional": true
        }
      }
    },
    "node_modules/@inquirer/figures": {
      "version": "2.0.3",
      "resolved": "https://registry.npmjs.org/@inquirer/figures/-/figures-2.0.3.tgz",
      "integrity": "sha512-y09iGt3JKoOCBQ3w4YrSJdokcD8ciSlMIWsD+auPu+OZpfxLuyz+gICAQ6GCBOmJJt4KEQGHuZSVff2jiNOy7g==",
      "license": "MIT",
      "engines": {
        "node": ">=23.5.0 || ^22.13.0 || ^21.7.0 || ^20.12.0"
      }
    },
    "node_modules/@inquirer/input": {
      "version": "5.0.8",
      "resolved": "https://registry.npmjs.org/@inquirer/input/-/input-5.0.8.tgz",
      "integrity": "sha512-p0IJslw0AmedLEkOU+yrEX3Aj2RTpQq7ZOf8nc1DIhjzaxRWrrgeuE5Kyh39fVRgtcACaMXx/9WNo8+GjgBOfw==",
      "license": "MIT",
      "dependencies": {
        "@inquirer/core": "^11.1.5",
        "@inquirer/type": "^4.0.3"
      },
      "engines": {
        "node": ">=23.5.0 || ^22.13.0 || ^21.7.0 || ^20.12.0"
      },
      "peerDependencies": {
        "@types/node": ">=18"
      },
      "peerDependenciesMeta": {
        "@types/node": {
          "optional": true
        }
      }
    },
    "node_modules/@inquirer/number": {
      "version": "4.0.8",
      "resolved": "https://registry.npmjs.org/@inquirer/number/-/number-4.0.8.tgz",
      "integrity": "sha512-uGLiQah9A0F9UIvJBX52m0CnqtLaym0WpT9V4YZrjZ+YRDKZdwwoEPz06N6w8ChE2lrnsdyhY9sL+Y690Kh9gQ==",
      "license": "MIT",
      "dependencies": {
        "@inquirer/core": "^11.1.5",
        "@inquirer/type": "^4.0.3"
      },
      "engines": {
        "node": ">=23.5.0 || ^22.13.0 || ^21.7.0 || ^20.12.0"
      },
      "peerDependencies": {
        "@types/node": ">=18"
      },
      "peerDependenciesMeta": {
        "@types/node": {
          "optional": true
        }
      }
    },
    "node_modules/@inquirer/password": {
      "version": "5.0.8",
      "resolved": "https://registry.npmjs.org/@inquirer/password/-/password-5.0.8.tgz",
      "integrity": "sha512-zt1sF4lYLdvPqvmvHdmjOzuUUjuCQ897pdUCO8RbXMUDKXJTTyOQgtn23le+jwcb+MpHl3VAFvzIdxRAf6aPlA==",
      "license": "MIT",
      "dependencies": {
        "@inquirer/ansi": "^2.0.3",
        "@inquirer/core": "^11.1.5",
        "@inquirer/type": "^4.0.3"
      },
      "engines": {
        "node": ">=23.5.0 || ^22.13.0 || ^21.7.0 || ^20.12.0"
      },
      "peerDependencies": {
        "@types/node": ">=18"
      },
      "peerDependenciesMeta": {
        "@types/node": {
          "optional": true
        }
      }
    },
    "node_modules/@inquirer/prompts": {
      "version": "8.3.0",
      "resolved": "https://registry.npmjs.org/@inquirer/prompts/-/prompts-8.3.0.tgz",
      "integrity": "sha512-JAj66kjdH/F1+B7LCigjARbwstt3SNUOSzMdjpsvwJmzunK88gJeXmcm95L9nw1KynvFVuY4SzXh/3Y0lvtgSg==",
      "license": "MIT",
      "dependencies": {
        "@inquirer/checkbox": "^5.1.0",
        "@inquirer/confirm": "^6.0.8",
        "@inquirer/editor": "^5.0.8",
        "@inquirer/expand": "^5.0.8",
        "@inquirer/input": "^5.0.8",
        "@inquirer/number": "^4.0.8",
        "@inquirer/password": "^5.0.8",
        "@inquirer/rawlist": "^5.2.4",
        "@inquirer/search": "^4.1.4",
        "@inquirer/select": "^5.1.0"
      },
      "engines": {
        "node": ">=23.5.0 || ^22.13.0 || ^21.7.0 || ^20.12.0"
      },
      "peerDependencies": {
        "@types/node": ">=18"
      },
      "peerDependenciesMeta": {
        "@types/node": {
          "optional": true
        }
      }
    },
    "node_modules/@inquirer/rawlist": {
      "version": "5.2.4",
      "resolved": "https://registry.npmjs.org/@inquirer/rawlist/-/rawlist-5.2.4.tgz",
      "integrity": "sha512-fTuJ5Cq9W286isLxwj6GGyfTjx1Zdk4qppVEPexFuA6yioCCXS4V1zfKroQqw7QdbDPN73xs2DiIAlo55+kBqg==",
      "license": "MIT",
      "dependencies": {
        "@inquirer/core": "^11.1.5",
        "@inquirer/type": "^4.0.3"
      },
      "engines": {
        "node": ">=23.5.0 || ^22.13.0 || ^21.7.0 || ^20.12.0"
      },
      "peerDependencies": {
        "@types/node": ">=18"
      },
      "peerDependenciesMeta": {
        "@types/node": {
          "optional": true
        }
      }
    },
    "node_modules/@inquirer/search": {
      "version": "4.1.4",
      "resolved": "https://registry.npmjs.org/@inquirer/search/-/search-4.1.4.tgz",
      "integrity": "sha512-9yPTxq7LPmYjrGn3DRuaPuPbmC6u3fiWcsE9ggfLcdgO/ICHYgxq7mEy1yJ39brVvgXhtOtvDVjDh9slJxE4LQ==",
      "license": "MIT",
      "dependencies": {
        "@inquirer/core": "^11.1.5",
        "@inquirer/figures": "^2.0.3",
        "@inquirer/type": "^4.0.3"
      },
      "engines": {
        "node": ">=23.5.0 || ^22.13.0 || ^21.7.0 || ^20.12.0"
      },
      "peerDependencies": {
        "@types/node": ">=18"
      },
      "peerDependenciesMeta": {
        "@types/node": {
          "optional": true
        }
      }
    },
    "node_modules/@inquirer/select": {
      "version": "5.1.0",
      "resolved": "https://registry.npmjs.org/@inquirer/select/-/select-5.1.0.tgz",
      "integrity": "sha512-OyYbKnchS1u+zRe14LpYrN8S0wH1vD0p2yKISvSsJdH2TpI87fh4eZdWnpdbrGauCRWDph3NwxRmM4Pcm/hx1Q==",
      "license": "MIT",
      "dependencies": {
        "@inquirer/ansi": "^2.0.3",
        "@inquirer/core": "^11.1.5",
        "@inquirer/figures": "^2.0.3",
        "@inquirer/type": "^4.0.3"
      },
      "engines": {
        "node": ">=23.5.0 || ^22.13.0 || ^21.7.0 || ^20.12.0"
      },
      "peerDependencies": {
        "@types/node": ">=18"
      },
      "peerDependenciesMeta": {
        "@types/node": {
          "optional": true
        }
      }
    },
    "node_modules/@inquirer/type": {
      "version": "4.0.3",
      "resolved": "https://registry.npmjs.org/@inquirer/type/-/type-4.0.3.tgz",
      "integrity": "sha512-cKZN7qcXOpj1h+1eTTcGDVLaBIHNMT1Rz9JqJP5MnEJ0JhgVWllx7H/tahUp5YEK1qaByH2Itb8wLG/iScD5kw==",
      "license": "MIT",
      "engines": {
        "node": ">=23.5.0 || ^22.13.0 || ^21.7.0 || ^20.12.0"
      },
      "peerDependencies": {
        "@types/node": ">=18"
      },
      "peerDependenciesMeta": {
        "@types/node": {
          "optional": true
        }
      }
    },
    "node_modules/@noble/ciphers": {
      "version": "1.3.0",
      "resolved": "https://registry.npmjs.org/@noble/ciphers/-/ciphers-1.3.0.tgz",
      "integrity": "sha512-2I0gnIVPtfnMw9ee9h1dJG7tp81+8Ob3OJb3Mv37rx5L40/b0i7djjCVvGOVqc9AEIQyvyu1i6ypKdFw8R8gQw==",
      "license": "MIT",
      "engines": {
        "node": "^14.21.3 || >=16"
      },
      "funding": {
        "url": "https://paulmillr.com/funding/"
      }
    },
    "node_modules/@noble/curves": {
      "version": "1.9.1",
      "resolved": "https://registry.npmjs.org/@noble/curves/-/curves-1.9.1.tgz",
      "integrity": "sha512-k11yZxZg+t+gWvBbIswW0yoJlu8cHOC7dhunwOzoWH/mXGBiYyR4YY6hAEK/3EUs4UpB8la1RfdRpeGsFHkWsA==",
      "license": "MIT",
      "dependencies": {
        "@noble/hashes": "1.8.0"
      },
      "engines": {
        "node": "^14.21.3 || >=16"
      },
      "funding": {
        "url": "https://paulmillr.com/funding/"
      }
    },
    "node_modules/@noble/hashes": {
      "version": "1.8.0",
      "resolved": "https://registry.npmjs.org/@noble/hashes/-/hashes-1.8.0.tgz",
      "integrity": "sha512-jCs9ldd7NwzpgXDIf6P3+NrHh9/sD6CQdxHyjQI+h/6rDNo88ypBxxz45UDuZHz9r3tNz7N/VInSVoVdtXEI4A==",
      "license": "MIT",
      "engines": {
        "node": "^14.21.3 || >=16"
      },
      "funding": {
        "url": "https://paulmillr.com/funding/"
      }
    },
    "node_modules/@scure/base": {
      "version": "1.2.6",
      "resolved": "https://registry.npmjs.org/@scure/base/-/base-1.2.6.tgz",
      "integrity": "sha512-g/nm5FgUa//MCj1gV09zTJTaM6KBAHqLN907YVQqf7zC49+DcO4B1so4ZX07Ef10Twr6nuqYEH9GEggFXA4Fmg==",
      "license": "MIT",
      "funding": {
        "url": "https://paulmillr.com/funding/"
      }
    },
    "node_modules/@scure/bip32": {
      "version": "1.7.0",
      "resolved": "https://registry.npmjs.org/@scure/bip32/-/bip32-1.7.0.tgz",
      "integrity": "sha512-E4FFX/N3f4B80AKWp5dP6ow+flD1LQZo/w8UnLGYZO674jS6YnYeepycOOksv+vLPSpgN35wgKgy+ybfTb2SMw==",
      "license": "MIT",
      "dependencies": {
        "@noble/curves": "~1.9.0",
        "@noble/hashes": "~1.8.0",
        "@scure/base": "~1.2.5"
      },
      "funding": {
        "url": "https://paulmillr.com/funding/"
      }
    },
    "node_modules/@scure/bip39": {
      "version": "1.6.0",
      "resolved": "https://registry.npmjs.org/@scure/bip39/-/bip39-1.6.0.tgz",
      "integrity": "sha512-+lF0BbLiJNwVlev4eKelw1WWLaiKXw7sSl8T6FvBlWkdX+94aGJ4o8XjUdlyhTCjd8c+B3KT3JfS8P0bLRNU6A==",
      "license": "MIT",
      "dependencies": {
        "@noble/hashes": "~1.8.0",
        "@scure/base": "~1.2.5"
      },
      "funding": {
        "url": "https://paulmillr.com/funding/"
      }
    },
    "node_modules/@types/node": {
      "version": "25.5.0",
      "resolved": "https://registry.npmjs.org/@types/node/-/node-25.5.0.tgz",
      "integrity": "sha512-jp2P3tQMSxWugkCUKLRPVUpGaL5MVFwF8RDuSRztfwgN1wmqJeMSbKlnEtQqU8UrhTmzEmZdu2I6v2dpp7XIxw==",
      "devOptional": true,
      "license": "MIT",
      "dependencies": {
        "undici-types": "~7.18.0"
      }
    },
    "node_modules/abitype": {
      "version": "1.2.3",
      "resolved": "https://registry.npmjs.org/abitype/-/abitype-1.2.3.tgz",
      "integrity": "sha512-Ofer5QUnuUdTFsBRwARMoWKOH1ND5ehwYhJ3OJ/BQO+StkwQjHw0XyVh4vDttzHB7QOFhPHa/o413PJ82gU/Tg==",
      "license": "MIT",
      "funding": {
        "url": "https://github.com/sponsors/wevm"
      },
      "peerDependencies": {
        "typescript": ">=5.0.4",
        "zod": "^3.22.0 || ^4.0.0"
      },
      "peerDependenciesMeta": {
        "typescript": {
          "optional": true
        },
        "zod": {
          "optional": true
        }
      }
    },
    "node_modules/aes-js": {
      "version": "3.0.0",
      "resolved": "https://registry.npmjs.org/aes-js/-/aes-js-3.0.0.tgz",
      "integrity": "sha512-H7wUZRn8WpTq9jocdxQ2c8x2sKo9ZVmzfRE13GiNJXfp7NcKYEdvl3vspKjXox6RIG2VtaRe4JFvxG4rqp2Zuw==",
      "license": "MIT"
    },
    "node_modules/bn.js": {
      "version": "5.2.3",
      "resolved": "https://registry.npmjs.org/bn.js/-/bn.js-5.2.3.tgz",
      "integrity": "sha512-EAcmnPkxpntVL+DS7bO1zhcZNvCkxqtkd0ZY53h06GNQ3DEkkGZ/gKgmDv6DdZQGj9BgfSPKtJJ7Dp1GPP8f7w==",
      "license": "MIT"
    },
    "node_modules/brorand": {
      "version": "1.1.0",
      "resolved": "https://registry.npmjs.org/brorand/-/brorand-1.1.0.tgz",
      "integrity": "sha512-cKV8tMCEpQs4hK/ik71d6LrPOnpkpGBR0wzxqr68g2m/LB2GxVYQroAjMJZRVM1Y4BCjCKc3vAamxSzOY2RP+w==",
      "license": "MIT"
    },
    "node_modules/chardet": {
      "version": "2.1.1",
      "resolved": "https://registry.npmjs.org/chardet/-/chardet-2.1.1.tgz",
      "integrity": "sha512-PsezH1rqdV9VvyNhxxOW32/d75r01NY7TQCmOqomRo15ZSOKbpTFVsfjghxo6JloQUCGnH4k1LGu0R4yCLlWQQ==",
      "license": "MIT"
    },
    "node_modules/cli-width": {
      "version": "4.1.0",
      "resolved": "https://registry.npmjs.org/cli-width/-/cli-width-4.1.0.tgz",
      "integrity": "sha512-ouuZd4/dm2Sw5Gmqy6bGyNNNe1qt9RpmxveLSO7KcgsTnU7RXfsw+/bukWGo1abgBiMAic068rclZsO4IWmmxQ==",
      "license": "ISC",
      "engines": {
        "node": ">= 12"
      }
    },
    "node_modules/commander": {
      "version": "14.0.3",
      "resolved": "https://registry.npmjs.org/commander/-/commander-14.0.3.tgz",
      "integrity": "sha512-H+y0Jo/T1RZ9qPP4Eh1pkcQcLRglraJaSLoyOtHxu6AapkjWVCy2Sit1QQ4x3Dng8qDlSsZEet7g5Pq06MvTgw==",
      "license": "MIT",
      "engines": {
        "node": ">=20"
      }
    },
    "node_modules/dotenv": {
      "version": "17.3.1",
      "resolved": "https://registry.npmjs.org/dotenv/-/dotenv-17.3.1.tgz",
      "integrity": "sha512-IO8C/dzEb6O3F9/twg6ZLXz164a2fhTnEWb95H23Dm4OuN+92NmEAlTrupP9VW6Jm3sO26tQlqyvyi4CsnY9GA==",
      "license": "BSD-2-Clause",
      "engines": {
        "node": ">=12"
      },
      "funding": {
        "url": "https://dotenvx.com"
      }
    },
    "node_modules/elliptic": {
      "version": "6.6.1",
      "resolved": "https://registry.npmjs.org/elliptic/-/elliptic-6.6.1.tgz",
      "integrity": "sha512-RaddvvMatK2LJHqFJ+YA4WysVN5Ita9E35botqIYspQ4TkRAlCicdzKOjlyv/1Za5RyTNn7di//eEV0uTAfe3g==",
      "license": "MIT",
      "dependencies": {
        "bn.js": "^4.11.9",
        "brorand": "^1.1.0",
        "hash.js": "^1.0.0",
        "hmac-drbg": "^1.0.1",
        "inherits": "^2.0.4",
        "minimalistic-assert": "^1.0.1",
        "minimalistic-crypto-utils": "^1.0.1"
      }
    },
    "node_modules/elliptic/node_modules/bn.js": {
      "version": "4.12.3",
      "resolved": "https://registry.npmjs.org/bn.js/-/bn.js-4.12.3.tgz",
      "integrity": "sha512-fGTi3gxV/23FTYdAoUtLYp6qySe2KE3teyZitipKNRuVYcBkoP/bB3guXN/XVKUe9mxCHXnc9C4ocyz8OmgN0g==",
      "license": "MIT"
    },
    "node_modules/eventemitter3": {
      "version": "5.0.1",
      "resolved": "https://registry.npmjs.org/eventemitter3/-/eventemitter3-5.0.1.tgz",
      "integrity": "sha512-GWkBvjiSZK87ELrYOSESUYeVIc9mvLLf/nXalMOS5dYrgZq9o5OVkbZAVM06CVxYsCwH9BDZFPlQTlPA1j4ahA==",
      "license": "MIT"
    },
    "node_modules/fast-string-truncated-width": {
      "version": "3.0.3",
      "resolved": "https://registry.npmjs.org/fast-string-truncated-width/-/fast-string-truncated-width-3.0.3.tgz",
      "integrity": "sha512-0jjjIEL6+0jag3l2XWWizO64/aZVtpiGE3t0Zgqxv0DPuxiMjvB3M24fCyhZUO4KomJQPj3LTSUnDP3GpdwC0g==",
      "license": "MIT"
    },
    "node_modules/fast-string-width": {
      "version": "3.0.2",
      "resolved": "https://registry.npmjs.org/fast-string-width/-/fast-string-width-3.0.2.tgz",
      "integrity": "sha512-gX8LrtNEI5hq8DVUfRQMbr5lpaS4nMIWV+7XEbXk2b8kiQIizgnlr12B4dA3ZEx3308ze0O4Q1R+cHts8kyUJg==",
      "license": "MIT",
      "dependencies": {
        "fast-string-truncated-width": "^3.0.2"
      }
    },
    "node_modules/fast-wrap-ansi": {
      "version": "0.2.0",
      "resolved": "https://registry.npmjs.org/fast-wrap-ansi/-/fast-wrap-ansi-0.2.0.tgz",
      "integrity": "sha512-rLV8JHxTyhVmFYhBJuMujcrHqOT2cnO5Zxj37qROj23CP39GXubJRBUFF0z8KFK77Uc0SukZUf7JZhsVEQ6n8w==",
      "license": "MIT",
      "dependencies": {
        "fast-string-width": "^3.0.2"
      }
    },
    "node_modules/hash.js": {
      "version": "1.1.7",
      "resolved": "https://registry.npmjs.org/hash.js/-/hash.js-1.1.7.tgz",
      "integrity": "sha512-taOaskGt4z4SOANNseOviYDvjEJinIkRgmp7LbKP2YTTmVxWBl87s/uzK9r+44BclBSp2X7K1hqeNfz9JbBeXA==",
      "license": "MIT",
      "dependencies": {
        "inherits": "^2.0.3",
        "minimalistic-assert": "^1.0.1"
      }
    },
    "node_modules/hmac-drbg": {
      "version": "1.0.1",
      "resolved": "https://registry.npmjs.org/hmac-drbg/-/hmac-drbg-1.0.1.tgz",
      "integrity": "sha512-Tti3gMqLdZfhOQY1Mzf/AanLiqh1WTiJgEj26ZuYQ9fbkLomzGchCws4FyrSd4VkpBfiNhaE1On+lOz894jvXg==",
      "license": "MIT",
      "dependencies": {
        "hash.js": "^1.0.3",
        "minimalistic-assert": "^1.0.0",
        "minimalistic-crypto-utils": "^1.0.1"
      }
    },
    "node_modules/iconv-lite": {
      "version": "0.7.2",
      "resolved": "https://registry.npmjs.org/iconv-lite/-/iconv-lite-0.7.2.tgz",
      "integrity": "sha512-im9DjEDQ55s9fL4EYzOAv0yMqmMBSZp6G0VvFyTMPKWxiSBHUj9NW/qqLmXUwXrrM7AvqSlTCfvqRb0cM8yYqw==",
      "license": "MIT",
      "dependencies": {
        "safer-buffer": ">= 2.1.2 < 3.0.0"
      },
      "engines": {
        "node": ">=0.10.0"
      },
      "funding": {
        "type": "opencollective",
        "url": "https://opencollective.com/express"
      }
    },
    "node_modules/inherits": {
      "version": "2.0.4",
      "resolved": "https://registry.npmjs.org/inherits/-/inherits-2.0.4.tgz",
      "integrity": "sha512-k/vGaX4/Yla3WzyMCvTQOXYeIHvqOKtnqBduzTHpzpQZzAskKMhZ2K+EnBiSM9zGSoIFeMpXKxa4dYeZIQqewQ==",
      "license": "ISC"
    },
    "node_modules/inquirer": {
      "version": "13.3.0",
      "resolved": "https://registry.npmjs.org/inquirer/-/inquirer-13.3.0.tgz",
      "integrity": "sha512-APTrZe9IhrsshL0u2PgmEMLP3CXDBjZ99xh5dR2+sryOt5R+JGL0KNuaTTT2lW54B9eNQDMutPR05UYTL7Xb1Q==",
      "license": "MIT",
      "dependencies": {
        "@inquirer/ansi": "^2.0.3",
        "@inquirer/core": "^11.1.5",
        "@inquirer/prompts": "^8.3.0",
        "@inquirer/type": "^4.0.3",
        "mute-stream": "^3.0.0",
        "run-async": "^4.0.6",
        "rxjs": "^7.8.2"
      },
      "engines": {
        "node": ">=23.5.0 || ^22.13.0 || ^21.7.0 || ^20.12.0"
      },
      "peerDependencies": {
        "@types/node": ">=18"
      },
      "peerDependenciesMeta": {
        "@types/node": {
          "optional": true
        }
      }
    },
    "node_modules/isows": {
      "version": "1.0.7",
      "resolved": "https://registry.npmjs.org/isows/-/isows-1.0.7.tgz",
      "integrity": "sha512-I1fSfDCZL5P0v33sVqeTDSpcstAg/N+wF5HS033mogOVIp4B+oHC7oOCsA3axAbBSGTJ8QubbNmnIRN/h8U7hg==",
      "funding": [
        {
          "type": "github",
          "url": "https://github.com/sponsors/wevm"
        }
      ],
      "license": "MIT",
      "peerDependencies": {
        "ws": "*"
      }
    },
    "node_modules/js-sha3": {
      "version": "0.8.0",
      "resolved": "https://registry.npmjs.org/js-sha3/-/js-sha3-0.8.0.tgz",
      "integrity": "sha512-gF1cRrHhIzNfToc802P800N8PpXS+evLLXfsVpowqmAFR9uwbi89WvXg2QspOmXL8QL86J4T1EpFu+yUkwJY3Q==",
      "license": "MIT"
    },
    "node_modules/minimalistic-assert": {
      "version": "1.0.1",
      "resolved": "https://registry.npmjs.org/minimalistic-assert/-/minimalistic-assert-1.0.1.tgz",
      "integrity": "sha512-UtJcAD4yEaGtjPezWuO9wC4nwUnVH/8/Im3yEHQP4b67cXlD/Qr9hdITCU1xDbSEXg2XKNaP8jsReV7vQd00/A==",
      "license": "ISC"
    },
    "node_modules/minimalistic-crypto-utils": {
      "version": "1.0.1",
      "resolved": "https://registry.npmjs.org/minimalistic-crypto-utils/-/minimalistic-crypto-utils-1.0.1.tgz",
      "integrity": "sha512-JIYlbt6g8i5jKfJ3xz7rF0LXmv2TkDxBLUkiBeZ7bAx4GnnNMr8xFpGnOxn6GhTEHx3SjRrZEoU+j04prX1ktg==",
      "license": "MIT"
    },
    "node_modules/mute-stream": {
      "version": "3.0.0",
      "resolved": "https://registry.npmjs.org/mute-stream/-/mute-stream-3.0.0.tgz",
      "integrity": "sha512-dkEJPVvun4FryqBmZ5KhDo0K9iDXAwn08tMLDinNdRBNPcYEDiWYysLcc6k3mjTMlbP9KyylvRpd4wFtwrT9rw==",
      "license": "ISC",
      "engines": {
        "node": "^20.17.0 || >=22.9.0"
      }
    },
    "node_modules/ox": {
      "version": "0.14.0",
      "resolved": "https://registry.npmjs.org/ox/-/ox-0.14.0.tgz",
      "integrity": "sha512-WLOB7IKnmI3Ol6RAqY7CJdZKl8QaI44LN91OGF1061YIeN6bL5IsFcdp7+oQShRyamE/8fW/CBRWhJAOzI35Dw==",
      "funding": [
        {
          "type": "github",
          "url": "https://github.com/sponsors/wevm"
        }
      ],
      "license": "MIT",
      "dependencies": {
        "@adraffy/ens-normalize": "^1.11.0",
        "@noble/ciphers": "^1.3.0",
        "@noble/curves": "1.9.1",
        "@noble/hashes": "^1.8.0",
        "@scure/bip32": "^1.7.0",
        "@scure/bip39": "^1.6.0",
        "abitype": "^1.2.3",
        "eventemitter3": "5.0.1"
      },
      "peerDependencies": {
        "typescript": ">=5.4.0"
      },
      "peerDependenciesMeta": {
        "typescript": {
          "optional": true
        }
      }
    },
    "node_modules/run-async": {
      "version": "4.0.6",
      "resolved": "https://registry.npmjs.org/run-async/-/run-async-4.0.6.tgz",
      "integrity": "sha512-IoDlSLTs3Yq593mb3ZoKWKXMNu3UpObxhgA/Xuid5p4bbfi2jdY1Hj0m1K+0/tEuQTxIGMhQDqGjKb7RuxGpAQ==",
      "license": "MIT",
      "engines": {
        "node": ">=0.12.0"
      }
    },
    "node_modules/rxjs": {
      "version": "7.8.2",
      "resolved": "https://registry.npmjs.org/rxjs/-/rxjs-7.8.2.tgz",
      "integrity": "sha512-dhKf903U/PQZY6boNNtAGdWbG85WAbjT/1xYoZIC7FAY0yWapOBQVsVrDl58W86//e1VpMNBtRV4MaXfdMySFA==",
      "license": "Apache-2.0",
      "dependencies": {
        "tslib": "^2.1.0"
      }
    },
    "node_modules/safer-buffer": {
      "version": "2.1.2",
      "resolved": "https://registry.npmjs.org/safer-buffer/-/safer-buffer-2.1.2.tgz",
      "integrity": "sha512-YZo3K82SD7Riyi0E1EQPojLz7kpepnSQI9IyPbHHg1XXXevb5dJI7tpyN2ADxGcQbHG7vcyRHk0cbwqcQriUtg==",
      "license": "MIT"
    },
    "node_modules/scrypt-js": {
      "version": "3.0.1",
      "resolved": "https://registry.npmjs.org/scrypt-js/-/scrypt-js-3.0.1.tgz",
      "integrity": "sha512-cdwTTnqPu0Hyvf5in5asVdZocVDTNRmR7XEcJuIzMjJeSHybHl7vpB66AzwTaIg6CLSbtjcxc8fqcySfnTkccA==",
      "license": "MIT"
    },
    "node_modules/signal-exit": {
      "version": "4.1.0",
      "resolved": "https://registry.npmjs.org/signal-exit/-/signal-exit-4.1.0.tgz",
      "integrity": "sha512-bzyZ1e88w9O1iNJbKnOlvYTrWPDl46O1bG0D3XInv+9tkPrxrN8jUUTiFlDkkmKWgn1M6CfIA13SuGqOa9Korw==",
      "license": "ISC",
      "engines": {
        "node": ">=14"
      },
      "funding": {
        "url": "https://github.com/sponsors/isaacs"
      }
    },
    "node_modules/tslib": {
      "version": "2.8.1",
      "resolved": "https://registry.npmjs.org/tslib/-/tslib-2.8.1.tgz",
      "integrity": "sha512-oJFu94HQb+KVduSUQL7wnpmqnfmLsOA/nAh6b6EH0wCEoK0/mPeXU6c3wKDV83MkOuHPRHtSXKKU99IBazS/2w==",
      "license": "0BSD"
    },
    "node_modules/typescript": {
      "version": "5.9.3",
      "resolved": "https://registry.npmjs.org/typescript/-/typescript-5.9.3.tgz",
      "integrity": "sha512-jl1vZzPDinLr9eUt3J/t7V6FgNEw9QjvBPdysz9KfQDD41fQrC2Y4vKQdiaUpFT4bXlb1RHhLpp8wtm6M5TgSw==",
      "devOptional": true,
      "license": "Apache-2.0",
      "bin": {
        "tsc": "bin/tsc",
        "tsserver": "bin/tsserver"
      },
      "engines": {
        "node": ">=14.17"
      }
    },
    "node_modules/undici-types": {
      "version": "7.18.2",
      "resolved": "https://registry.npmjs.org/undici-types/-/undici-types-7.18.2.tgz",
      "integrity": "sha512-AsuCzffGHJybSaRrmr5eHr81mwJU3kjw6M+uprWvCXiNeN9SOGwQ3Jn8jb8m3Z6izVgknn1R0FTCEAP2QrLY/w==",
      "devOptional": true,
      "license": "MIT"
    },
    "node_modules/viem": {
      "version": "2.47.2",
      "resolved": "https://registry.npmjs.org/viem/-/viem-2.47.2.tgz",
      "integrity": "sha512-etDIwDgmDiGaPg8rUbJtUFuC3/nAJCbhMYyfh5dOcqNNkzBWTNcS2VluPSM5JVo+9U3b2hle2RkBEq3+xyvlvg==",
      "funding": [
        {
          "type": "github",
          "url": "https://github.com/sponsors/wevm"
        }
      ],
      "license": "MIT",
      "dependencies": {
        "@noble/curves": "1.9.1",
        "@noble/hashes": "1.8.0",
        "@scure/bip32": "1.7.0",
        "@scure/bip39": "1.6.0",
        "abitype": "1.2.3",
        "isows": "1.0.7",
        "ox": "0.14.0",
        "ws": "8.18.3"
      },
      "peerDependencies": {
        "typescript": ">=5.0.4"
      },
      "peerDependenciesMeta": {
        "typescript": {
          "optional": true
        }
      }
    },
    "node_modules/ws": {
      "version": "8.18.3",
      "resolved": "https://registry.npmjs.org/ws/-/ws-8.18.3.tgz",
      "integrity": "sha512-PEIGCY5tSlUt50cqyMXfCzX+oOPqN0vuGqWzbcJ2xvnkzkq46oOpz7dQaTDBdfICb4N14+GARUDw2XV2N4tvzg==",
      "license": "MIT",
      "engines": {
        "node": ">=10.0.0"
      },
      "peerDependencies": {
        "bufferutil": "^4.0.1",
        "utf-8-validate": ">=5.0.2"
      },
      "peerDependenciesMeta": {
        "bufferutil": {
          "optional": true
        },
        "utf-8-validate": {
          "optional": true
        }
      }
    }
  }
}
